{
    "name": "config",
    "requires": true,
    "lockfileVersion": 1,
    "dependencies": {
        "@types/config": {
            "version": "0.0.36",
            "resolved": "https://registry.npmjs.org/@types/config/-/config-0.0.36.tgz",
            "integrity": "sha512-EoAeT1MyFWh2BJvBDEFInY714bQBbHOAucqxqqhprhbBFqr+B7fuN5T9CJqUIGDzvwubnKKRqmSo6yPo0aSpNw==",
            "dev": true
        }
    }
}
